// !$*UTF8*$!
{
	archiveVersion = 1;
	classes = {
	};
	objectVersion = 46;
	objects = {

/* Begin PBXBuildFile section */
		152190F11DA2C9530013BBBA /* libopencv_imgproc.2.4.13.dylib in Frameworks */ = {isa = PBXBuildFile; fileRef = 152190F01DA2C9530013BBBA /* libopencv_imgproc.2.4.13.dylib */; };
		1580347D1D9BD281001A4B3D /* main.cpp in Sources */ = {isa = PBXBuildFile; fileRef = 1580347C1D9BD281001A4B3D /* main.cpp */; };
		158034841D9BD2F1001A4B3D /* libopencv_core.2.4.13.dylib in Frameworks */ = {isa = PBXBuildFile; fileRef = 158034831D9BD2F1001A4B3D /* libopencv_core.2.4.13.dylib */; };
		158034861D9BD312001A4B3D /* libopencv_highgui.2.4.13.dylib in Frameworks */ = {isa = PBXBuildFile; fileRef = 158034851D9BD312001A4B3D /* libopencv_highgui.2.4.13.dylib */; };
/* End PBXBuildFile section */

/* Begin PBXCopyFilesBuildPhase section */
		158034771D9BD281001A4B3D /* CopyFiles */ = {
			isa = PBXCopyFilesBuildPhase;
			buildActionMask = 2147483647;
			dstPath = /usr/share/man/man1/;
			dstSubfolderSpec = 0;
			files = (
			);
			runOnlyForDeploymentPostprocessing = 1;
		};
/* End PBXCopyFilesBuildPhase section */

/* Begin PBXFileReference section */
		152190F01DA2C9530013BBBA /* libopencv_imgproc.2.4.13.dylib */ = {isa = PBXFileReference; lastKnownFileType = "compiled.mach-o.dylib"; name = libopencv_imgproc.2.4.13.dylib; path = "../../../OpenCV/opencv-2.4.13/build/lib/libopencv_imgproc.2.4.13.dylib"; sourceTree = "<group>"; };
		158034791D9BD281001A4B3D /* Computer Vision A#1 */ = {isa = PBXFileReference; explicitFileType = "compiled.mach-o.executable"; includeInIndex = 0; path = "Computer Vision A#1"; sourceTree = BUILT_PRODUCTS_DIR; };
		1580347C1D9BD281001A4B3D /* main.cpp */ = {isa = PBXFileReference; lastKnownFileType = sourcecode.cpp.cpp; path = main.cpp; sourceTree = "<group>"; usesTabs = 1; };
		158034831D9BD2F1001A4B3D /* libopencv_core.2.4.13.dylib */ = {isa = PBXFileReference; lastKnownFileType = "compiled.mach-o.dylib"; name = libopencv_core.2.4.13.dylib; path = "../../../OpenCV/opencv-2.4.13/build/lib/libopencv_core.2.4.13.dylib"; sourceTree = "<group>"; };
		158034851D9BD312001A4B3D /* libopencv_highgui.2.4.13.dylib */ = {isa = PBXFileReference; lastKnownFileType = "compiled.mach-o.dylib"; name = libopencv_highgui.2.4.13.dylib; path = "../../../OpenCV/opencv-2.4.13/build/lib/libopencv_highgui.2.4.13.dylib"; sourceTree = "<group>"; };
/* End PBXFileReference section */

/* Begin PBXFrameworksBuildPhase section */
		158034761D9BD281001A4B3D /* Frameworks */ = {
			isa = PBXFrameworksBuildPhase;
			buildActionMask = 2147483647;
			files = (
				158034861D9BD312001A4B3D /* libopencv_highgui.2.4.13.dylib in Frameworks */,
				152190F11DA2C9530013BBBA /* libopencv_imgproc.2.4.13.dylib in Frameworks */,
				158034841D9BD2F1001A4B3D /* libopencv_core.2.4.13.dylib in Frameworks */,
			);
			runOnlyForDeploymentPostprocessing = 0;
		};
/* End PBXFrameworksBuildPhase section */

/* Begin PBXGroup section */
		158034701D9BD281001A4B3D = {
			isa = PBXGroup;
			children = (
				152190F01DA2C9530013BBBA /* libopencv_imgproc.2.4.13.dylib */,
				158034851D9BD312001A4B3D /* libopencv_highgui.2.4.13.dylib */,
				158034831D9BD2F1001A4B3D /* libopencv_core.2.4.13.dylib */,
				1580347B1D9BD281001A4B3D /* Computer Vision A#1 */,
				1580347A1D9BD281001A4B3D /* Products */,
			);
			sourceTree = "<group>";
		};
		1580347A1D9BD281001A4B3D /* Products */ = {
			isa = PBXGroup;
			children = (
				158034791D9BD281001A4B3D /* Computer Vision A#1 */,
			);
			name = Products;
			sourceTree = "<group>";
		};
		1580347B1D9BD281001A4B3D /* Computer Vision A#1 */ = {
			isa = PBXGroup;
			children = (
				1580347C1D9BD281001A4B3D /* main.cpp */,
			);
			path = "Computer Vision A#1";
			sourceTree = "<group>";
		};
/* End PBXGroup section */

/* Begin PBXNativeTarget section */
		158034781D9BD281001A4B3D /* Computer Vision A#1 */ = {
			isa = PBXNativeTarget;
			buildConfigurationList = 158034801D9BD281001A4B3D /* Build configuration list for PBXNativeTarget "Computer Vision A#1" */;
			buildPhases = (
				158034751D9BD281001A4B3D /* Sources */,
				158034761D9BD281001A4B3D /* Frameworks */,
				158034771D9BD281001A4B3D /* CopyFiles */,
			);
			buildRules = (
			);
			dependencies = (
			);
			name = "Computer Vision A#1";
			productName = "Computer Vision A#1";
			productReference = 158034791D9BD281001A4B3D /* Computer Vision A#1 */;
			productType = "com.apple.product-type.tool";
		};
/* End PBXNativeTarget section */

/* Begin PBXProject section */
		158034711D9BD281001A4B3D /* Project object */ = {
			isa = PBXProject;
			attributes = {
				LastUpgradeCheck = 0730;
				ORGANIZATIONNAME = "Shehab Mohamed";
				TargetAttributes = {
					158034781D9BD281001A4B3D = {
						CreatedOnToolsVersion = 7.3.1;
					};
				};
			};
			buildConfigurationList = 158034741D9BD281001A4B3D /* Build configuration list for PBXProject "Computer Vision A#1" */;
			compatibilityVersion = "Xcode 3.2";
			developmentRegion = English;
			hasScannedForEncodings = 0;
			knownRegions = (
				en,
			);
			mainGroup = 158034701D9BD281001A4B3D;
			productRefGroup = 1580347A1D9BD281001A4B3D /* Products */;
			projectDirPath = "";
			projectRoot = "";
			targets = (
				158034781D9BD281001A4B3D /* Computer Vision A#1 */,
			);
		};
/* End PBXProject section */

/* Begin PBXSourcesBuildPhase section */
		158034751D9BD281001A4B3D /* Sources */ = {
			isa = PBXSourcesBuildPhase;
			buildActionMask = 2147483647;
			files = (
				1580347D1D9BD281001A4B3D /* main.cpp in Sources */,
			);
			runOnlyForDeploymentPostprocessing = 0;
		};
/* End PBXSourcesBuildPhase section */

/* Begin XCBuildConfiguration section */
		1580347E1D9BD281001A4B3D /* Debug */ = {
			isa = XCBuildConfiguration;
			buildSettings = {
				ALWAYS_SEARCH_USER_PATHS = NO;
				CLANG_ANALYZER_NONNULL = YES;
				CLANG_CXX_LANGUAGE_STANDARD = "gnu++0x";
				CLANG_CXX_LIBRARY = "libc++";
				CLANG_ENABLE_MODULES = YES;
				CLANG_ENABLE_OBJC_ARC = YES;
				CLANG_WARN_BOOL_CONVERSION = YES;
				CLANG_WARN_CONSTANT_CONVERSION = YES;
				CLANG_WARN_DIRECT_OBJC_ISA_USAGE = YES_ERROR;
				CLANG_WARN_EMPTY_BODY = YES;
				CLANG_WARN_ENUM_CONVERSION = YES;
				CLANG_WARN_INT_CONVERSION = YES;
				CLANG_WARN_OBJC_ROOT_CLASS = YES_ERROR;
				CLANG_WARN_UNREACHABLE_CODE = YES;
				CLANG_WARN__DUPLICATE_METHOD_MATCH = YES;
				CODE_SIGN_IDENTITY = "-";
				COPY_PHASE_STRIP = NO;
				DEBUG_INFORMATION_FORMAT = dwarf;
				ENABLE_STRICT_OBJC_MSGSEND = YES;
				ENABLE_TESTABILITY = YES;
				GCC_C_LANGUAGE_STANDARD = gnu99;
				GCC_DYNAMIC_NO_PIC = NO;
				GCC_NO_COMMON_BLOCKS = YES;
				GCC_OPTIMIZATION_LEVEL = 0;
				GCC_PREPROCESSOR_DEFINITIONS = (
					"DEBUG=1",
					"$(inherited)",
				);
				GCC_WARN_64_TO_32_BIT_CONVERSION = YES;
				GCC_WARN_ABOUT_RETURN_TYPE = YES_ERROR;
				GCC_WARN_UNDECLARED_SELECTOR = YES;
				GCC_WARN_UNINITIALIZED_AUTOS = YES_AGGRESSIVE;
				GCC_WARN_UNUSED_FUNCTION = YES;
				GCC_WARN_UNUSED_VARIABLE = YES;
				MACOSX_DEPLOYMENT_TARGET = 10.11;
				MTL_ENABLE_DEBUG_INFO = YES;
				ONLY_ACTIVE_ARCH = YES;
				SDKROOT = macosx;
			};
			name = Debug;
		};
		1580347F1D9BD281001A4B3D /* Release */ = {
			isa = XCBuildConfiguration;
			buildSettings = {
				ALWAYS_SEARCH_USER_PATHS = NO;
				CLANG_ANALYZER_NONNULL = YES;
				CLANG_CXX_LANGUAGE_STANDARD = "gnu++0x";
				CLANG_CXX_LIBRARY = "libc++";
				CLANG_ENABLE_MODULES = YES;
				CLANG_ENABLE_OBJC_ARC = YES;
				CLANG_WARN_BOOL_CONVERSION = YES;
				CLANG_WARN_CONSTANT_CONVERSION = YES;
				CLANG_WARN_DIRECT_OBJC_ISA_USAGE = YES_ERROR;
				CLANG_WARN_EMPTY_BODY = YES;
				CLANG_WARN_ENUM_CONVERSION = YES;
				CLANG_WARN_INT_CONVERSION = YES;
				CLANG_WARN_OBJC_ROOT_CLASS = YES_ERROR;
				CLANG_WARN_UNREACHABLE_CODE = YES;
				CLANG_WARN__DUPLICATE_METHOD_MATCH = YES;
				CODE_SIGN_IDENTITY = "-";
				COPY_PHASE_STRIP = NO;
				DEBUG_INFORMATION_FORMAT = "dwarf-with-dsym";
				ENABLE_NS_ASSERTIONS = NO;
				ENABLE_STRICT_OBJC_MSGSEND = YES;
				GCC_C_LANGUAGE_STANDARD = gnu99;
				GCC_NO_COMMON_BLOCKS = YES;
				GCC_WARN_64_TO_32_BIT_CONVERSION = YES;
				GCC_WARN_ABOUT_RETURN_TYPE = YES_ERROR;
				GCC_WARN_UNDECLARED_SELECTOR = YES;
				GCC_WARN_UNINITIALIZED_AUTOS = YES_AGGRESSIVE;
				GCC_WARN_UNUSED_FUNCTION = YES;
				GCC_WARN_UNUSED_VARIABLE = YES;
				MACOSX_DEPLOYMENT_TARGET = 10.11;
				MTL_ENABLE_DEBUG_INFO = NO;
				SDKROOT = macosx;
			};
			name = Release;
		};
		158034811D9BD281001A4B3D /* Debug */ = {
			isa = XCBuildConfiguration;
			buildSettings = {
				ALWAYS_SEARCH_USER_PATHS = YES;
				HEADER_SEARCH_PATHS = /usr/local/include;
				LIBRARY_SEARCH_PATHS = "/Users/shehabmohamed/OpenCV/opencv-2.4.13/build/lib";
				PRODUCT_NAME = "$(TARGET_NAME)";
			};
			name = Debug;
		};
		158034821D9BD281001A4B3D /* Release */ = {
			isa = XCBuildConfiguration;
			buildSettings = {
				ALWAYS_SEARCH_USER_PATHS = YES;
				HEADER_SEARCH_PATHS = /usr/local/include;
				LIBRARY_SEARCH_PATHS = "/Users/shehabmohamed/OpenCV/opencv-2.4.13/build/lib";
				PRODUCT_NAME = "$(TARGET_NAME)";
			};
			name = Release;
		};
/* End XCBuildConfiguration section */

/* Begin XCConfigurationList section */
		158034741D9BD281001A4B3D /* Build configuration list for PBXProject "Computer Vision A#1" */ = {
			isa = XCConfigurationList;
			buildConfigurations = (
				1580347E1D9BD281001A4B3D /* Debug */,
				1580347F1D9BD281001A4B3D /* Release */,
			);
			defaultConfigurationIsVisible = 0;
			defaultConfigurationName = Release;
		};
		158034801D9BD281001A4B3D /* Build configuration list for PBXNativeTarget "Computer Vision A#1" */ = {
			isa = XCConfigurationList;
			buildConfigurations = (
				158034811D9BD281001A4B3D /* Debug */,
				158034821D9BD281001A4B3D /* Release */,
			);
			defaultConfigurationIsVisible = 0;
			defaultConfigurationName = Release;
		};
/* End XCConfigurationList section */
	};
	rootObject = 158034711D9BD281001A4B3D /* Project object */;
}
